
Microsoft Visual Studio Solution File, Format Version 12.00
# Visual Studio Version 16
VisualStudioVersion = 16.0.30503.244
MinimumVisualStudioVersion = 10.0.40219.1
Project("{FAE04EC0-301F-11D3-BF4B-00C04F79EFBC}") = "ConverterApp", "ConverterApp.csproj", "{2558AA57-75DF-4BF4-BD37-BC4695F3DDC6}"
EndProject
Global
	GlobalSection(SolutionConfigurationPlatforms) = preSolution
		Debug|Any CPU = Debug|Any CPU
		Release|Any CPU = Release|Any CPU
	EndGlobalSection
	GlobalSection(ProjectConfigurationPlatforms) = postSolution
		{2558AA57-75DF-4BF4-BD37-BC4695F3DDC6}.Debug|Any CPU.ActiveCfg = Debug|Any CPU
		{2558AA57-75DF-4BF4-BD37-BC4695F3DDC6}.Debug|Any CPU.Build.0 = Debug|Any CPU
		{2558AA57-75DF-4BF4-BD37-BC4695F3DDC6}.Release|Any CPU.ActiveCfg = Release|Any CPU
		{2558AA57-75DF-4BF4-BD37-BC4695F3DDC6}.Release|Any CPU.Build.0 = Release|Any CPU
	EndGlobalSection
	GlobalSection(SolutionProperties) = preSolution
		HideSolutionNode = FALSE
	EndGlobalSection
	GlobalSection(ExtensibilityGlobals) = postSolution
		SolutionGuid = {59C9CD56-9A11-400F-85D1-33B45665B799}
	EndGlobalSection
EndGlobal
